// !$*UTF8*$!
{
	archiveVersion = 1;
	classes = {
	};
	objectVersion = 56;
	objects = {

/* Begin PBXBuildFile section */
		5769BD322C94552500EE03CC /* AppDelegate.swift in Sources */ = {isa = PBXBuildFile; fileRef = 5769BD312C94552500EE03CC /* AppDelegate.swift */; };
		5769BD342C94552500EE03CC /* SceneDelegate.swift in Sources */ = {isa = PBXBuildFile; fileRef = 5769BD332C94552500EE03CC /* SceneDelegate.swift */; };
		5769BD362C94552500EE03CC /* TabController.swift in Sources */ = {isa = PBXBuildFile; fileRef = 5769BD352C94552500EE03CC /* TabController.swift */; };
		5769BD3B2C94552600EE03CC /* Assets.xcassets in Resources */ = {isa = PBXBuildFile; fileRef = 5769BD3A2C94552600EE03CC /* Assets.xcassets */; };
		5769BD3E2C94552600EE03CC /* Base in Resources */ = {isa = PBXBuildFile; fileRef = 5769BD3D2C94552600EE03CC /* Base */; };
		5769BD482C945E6F00EE03CC /* RandomPhotosViewController.swift in Sources */ = {isa = PBXBuildFile; fileRef = 5769BD472C945E6F00EE03CC /* RandomPhotosViewController.swift */; };
		5769BD4A2C945E8800EE03CC /* FavoriteImagesViewController.swift in Sources */ = {isa = PBXBuildFile; fileRef = 5769BD492C945E8800EE03CC /* FavoriteImagesViewController.swift */; };
		5769BD542C946D1100EE03CC /* ImageCollectionViewCell.swift in Sources */ = {isa = PBXBuildFile; fileRef = 5769BD532C946D1100EE03CC /* ImageCollectionViewCell.swift */; };
		5769BD562C96D05B00EE03CC /* NetworkService.swift in Sources */ = {isa = PBXBuildFile; fileRef = 5769BD552C96D05B00EE03CC /* NetworkService.swift */; };
		5769BD592C96E66800EE03CC /* Photo.swift in Sources */ = {isa = PBXBuildFile; fileRef = 5769BD582C96E66800EE03CC /* Photo.swift */; };
		5769BD5B2C96E6B100EE03CC /* SearchResult.swift in Sources */ = {isa = PBXBuildFile; fileRef = 5769BD5A2C96E6B100EE03CC /* SearchResult.swift */; };
		5769BD5D2C96ED8B00EE03CC /* PhotoDetailsViewController.swift in Sources */ = {isa = PBXBuildFile; fileRef = 5769BD5C2C96ED8B00EE03CC /* PhotoDetailsViewController.swift */; };
		5769BD5F2C96EE2500EE03CC /* FavoritesManager.swift in Sources */ = {isa = PBXBuildFile; fileRef = 5769BD5E2C96EE2500EE03CC /* FavoritesManager.swift */; };
		5769BD612C96F09300EE03CC /* FavoriteImageTableViewCell.swift in Sources */ = {isa = PBXBuildFile; fileRef = 5769BD602C96F09300EE03CC /* FavoriteImageTableViewCell.swift */; };
		67F3C17036E474BA3F6EFA49 /* Pods_UnsplashTestApp.framework in Frameworks */ = {isa = PBXBuildFile; fileRef = F75E11968B6C2A20FACB0C0C /* Pods_UnsplashTestApp.framework */; };
/* End PBXBuildFile section */

/* Begin PBXFileReference section */
		5769BD2E2C94552500EE03CC /* UnsplashTestApp.app */ = {isa = PBXFileReference; explicitFileType = wrapper.application; includeInIndex = 0; path = UnsplashTestApp.app; sourceTree = BUILT_PRODUCTS_DIR; };
		5769BD312C94552500EE03CC /* AppDelegate.swift */ = {isa = PBXFileReference; lastKnownFileType = sourcecode.swift; path = AppDelegate.swift; sourceTree = "<group>"; };
		5769BD332C94552500EE03CC /* SceneDelegate.swift */ = {isa = PBXFileReference; lastKnownFileType = sourcecode.swift; path = SceneDelegate.swift; sourceTree = "<group>"; };
		5769BD352C94552500EE03CC /* TabController.swift */ = {isa = PBXFileReference; lastKnownFileType = sourcecode.swift; path = TabController.swift; sourceTree = "<group>"; };
		5769BD3A2C94552600EE03CC /* Assets.xcassets */ = {isa = PBXFileReference; lastKnownFileType = folder.assetcatalog; path = Assets.xcassets; sourceTree = "<group>"; };
		5769BD3D2C94552600EE03CC /* Base */ = {isa = PBXFileReference; lastKnownFileType = file.storyboard; name = Base; path = Base.lproj/LaunchScreen.storyboard; sourceTree = "<group>"; };
		5769BD3F2C94552600EE03CC /* Info.plist */ = {isa = PBXFileReference; lastKnownFileType = text.plist.xml; path = Info.plist; sourceTree = "<group>"; };
		5769BD472C945E6F00EE03CC /* RandomPhotosViewController.swift */ = {isa = PBXFileReference; lastKnownFileType = sourcecode.swift; path = RandomPhotosViewController.swift; sourceTree = "<group>"; };
		5769BD492C945E8800EE03CC /* FavoriteImagesViewController.swift */ = {isa = PBXFileReference; lastKnownFileType = sourcecode.swift; path = FavoriteImagesViewController.swift; sourceTree = "<group>"; };
		5769BD532C946D1100EE03CC /* ImageCollectionViewCell.swift */ = {isa = PBXFileReference; lastKnownFileType = sourcecode.swift; path = ImageCollectionViewCell.swift; sourceTree = "<group>"; };
		5769BD552C96D05B00EE03CC /* NetworkService.swift */ = {isa = PBXFileReference; lastKnownFileType = sourcecode.swift; path = NetworkService.swift; sourceTree = "<group>"; };
		5769BD582C96E66800EE03CC /* Photo.swift */ = {isa = PBXFileReference; lastKnownFileType = sourcecode.swift; path = Photo.swift; sourceTree = "<group>"; };
		5769BD5A2C96E6B100EE03CC /* SearchResult.swift */ = {isa = PBXFileReference; lastKnownFileType = sourcecode.swift; path = SearchResult.swift; sourceTree = "<group>"; };
		5769BD5C2C96ED8B00EE03CC /* PhotoDetailsViewController.swift */ = {isa = PBXFileReference; lastKnownFileType = sourcecode.swift; path = PhotoDetailsViewController.swift; sourceTree = "<group>"; };
		5769BD5E2C96EE2500EE03CC /* FavoritesManager.swift */ = {isa = PBXFileReference; lastKnownFileType = sourcecode.swift; path = FavoritesManager.swift; sourceTree = "<group>"; };
		5769BD602C96F09300EE03CC /* FavoriteImageTableViewCell.swift */ = {isa = PBXFileReference; lastKnownFileType = sourcecode.swift; path = FavoriteImageTableViewCell.swift; sourceTree = "<group>"; };
		6CB8F5DF04E4A8C102A754C9 /* Pods-UnsplashTestApp.release.xcconfig */ = {isa = PBXFileReference; includeInIndex = 1; lastKnownFileType = text.xcconfig; name = "Pods-UnsplashTestApp.release.xcconfig"; path = "Target Support Files/Pods-UnsplashTestApp/Pods-UnsplashTestApp.release.xcconfig"; sourceTree = "<group>"; };
		F75E11968B6C2A20FACB0C0C /* Pods_UnsplashTestApp.framework */ = {isa = PBXFileReference; explicitFileType = wrapper.framework; includeInIndex = 0; path = Pods_UnsplashTestApp.framework; sourceTree = BUILT_PRODUCTS_DIR; };
		F89B7F103D633395F2F4C4F2 /* Pods-UnsplashTestApp.debug.xcconfig */ = {isa = PBXFileReference; includeInIndex = 1; lastKnownFileType = text.xcconfig; name = "Pods-UnsplashTestApp.debug.xcconfig"; path = "Target Support Files/Pods-UnsplashTestApp/Pods-UnsplashTestApp.debug.xcconfig"; sourceTree = "<group>"; };
/* End PBXFileReference section */

/* Begin PBXFrameworksBuildPhase section */
		5769BD2B2C94552500EE03CC /* Frameworks */ = {
			isa = PBXFrameworksBuildPhase;
			buildActionMask = 2147483647;
			files = (
				67F3C17036E474BA3F6EFA49 /* Pods_UnsplashTestApp.framework in Frameworks */,
			);
			runOnlyForDeploymentPostprocessing = 0;
		};
/* End PBXFrameworksBuildPhase section */

/* Begin PBXGroup section */
		0980332B5389AF0304A100E4 /* Frameworks */ = {
			isa = PBXGroup;
			children = (
				F75E11968B6C2A20FACB0C0C /* Pods_UnsplashTestApp.framework */,
			);
			name = Frameworks;
			sourceTree = "<group>";
		};
		5769BD252C94552500EE03CC = {
			isa = PBXGroup;
			children = (
				5769BD302C94552500EE03CC /* UnsplashTestApp */,
				5769BD2F2C94552500EE03CC /* Products */,
				C4468DF9C0BE00072A41BA8F /* Pods */,
				0980332B5389AF0304A100E4 /* Frameworks */,
			);
			sourceTree = "<group>";
		};
		5769BD2F2C94552500EE03CC /* Products */ = {
			isa = PBXGroup;
			children = (
				5769BD2E2C94552500EE03CC /* UnsplashTestApp.app */,
			);
			name = Products;
			sourceTree = "<group>";
		};
		5769BD302C94552500EE03CC /* UnsplashTestApp */ = {
			isa = PBXGroup;
			children = (
				5769BD572C96E65A00EE03CC /* Models */,
				5769BD502C945FCB00EE03CC /* App */,
				5769BD4F2C945FB700EE03CC /* Presentation */,
				5769BD4E2C945FAB00EE03CC /* Business Logic */,
				5769BD512C945FD400EE03CC /* Resources */,
			);
			path = UnsplashTestApp;
			sourceTree = "<group>";
		};
		5769BD452C945E1000EE03CC /* Preview */ = {
			isa = PBXGroup;
			children = (
				5769BD522C946CE700EE03CC /* Cells */,
				5769BD352C94552500EE03CC /* TabController.swift */,
				5769BD472C945E6F00EE03CC /* RandomPhotosViewController.swift */,
				5769BD492C945E8800EE03CC /* FavoriteImagesViewController.swift */,
				5769BD5C2C96ED8B00EE03CC /* PhotoDetailsViewController.swift */,
			);
			path = Preview;
			sourceTree = "<group>";
		};
		5769BD4E2C945FAB00EE03CC /* Business Logic */ = {
			isa = PBXGroup;
			children = (
				5769BD552C96D05B00EE03CC /* NetworkService.swift */,
				5769BD5E2C96EE2500EE03CC /* FavoritesManager.swift */,
			);
			path = "Business Logic";
			sourceTree = "<group>";
		};
		5769BD4F2C945FB700EE03CC /* Presentation */ = {
			isa = PBXGroup;
			children = (
				5769BD452C945E1000EE03CC /* Preview */,
			);
			path = Presentation;
			sourceTree = "<group>";
		};
		5769BD502C945FCB00EE03CC /* App */ = {
			isa = PBXGroup;
			children = (
				5769BD312C94552500EE03CC /* AppDelegate.swift */,
				5769BD332C94552500EE03CC /* SceneDelegate.swift */,
				5769BD3C2C94552600EE03CC /* LaunchScreen.storyboard */,
				5769BD3F2C94552600EE03CC /* Info.plist */,
			);
			path = App;
			sourceTree = "<group>";
		};
		5769BD512C945FD400EE03CC /* Resources */ = {
			isa = PBXGroup;
			children = (
				5769BD3A2C94552600EE03CC /* Assets.xcassets */,
			);
			path = Resources;
			sourceTree = "<group>";
		};
		5769BD522C946CE700EE03CC /* Cells */ = {
			isa = PBXGroup;
			children = (
				5769BD532C946D1100EE03CC /* ImageCollectionViewCell.swift */,
				5769BD602C96F09300EE03CC /* FavoriteImageTableViewCell.swift */,
			);
			path = Cells;
			sourceTree = "<group>";
		};
		5769BD572C96E65A00EE03CC /* Models */ = {
			isa = PBXGroup;
			children = (
				5769BD582C96E66800EE03CC /* Photo.swift */,
				5769BD5A2C96E6B100EE03CC /* SearchResult.swift */,
			);
			path = Models;
			sourceTree = "<group>";
		};
		C4468DF9C0BE00072A41BA8F /* Pods */ = {
			isa = PBXGroup;
			children = (
				F89B7F103D633395F2F4C4F2 /* Pods-UnsplashTestApp.debug.xcconfig */,
				6CB8F5DF04E4A8C102A754C9 /* Pods-UnsplashTestApp.release.xcconfig */,
			);
			path = Pods;
			sourceTree = "<group>";
		};
/* End PBXGroup section */

/* Begin PBXNativeTarget section */
		5769BD2D2C94552500EE03CC /* UnsplashTestApp */ = {
			isa = PBXNativeTarget;
			buildConfigurationList = 5769BD422C94552600EE03CC /* Build configuration list for PBXNativeTarget "UnsplashTestApp" */;
			buildPhases = (
				AFBA2BF720522256079B7856 /* [CP] Check Pods Manifest.lock */,
				5769BD2A2C94552500EE03CC /* Sources */,
				5769BD2B2C94552500EE03CC /* Frameworks */,
				5769BD2C2C94552500EE03CC /* Resources */,
			);
			buildRules = (
			);
			dependencies = (
			);
			name = UnsplashTestApp;
			productName = UnsplashTestApp;
			productReference = 5769BD2E2C94552500EE03CC /* UnsplashTestApp.app */;
			productType = "com.apple.product-type.application";
		};
/* End PBXNativeTarget section */

/* Begin PBXProject section */
		5769BD262C94552500EE03CC /* Project object */ = {
			isa = PBXProject;
			attributes = {
				BuildIndependentTargetsInParallel = 1;
				LastSwiftUpdateCheck = 1540;
				LastUpgradeCheck = 1540;
				TargetAttributes = {
					5769BD2D2C94552500EE03CC = {
						CreatedOnToolsVersion = 15.4;
					};
				};
			};
			buildConfigurationList = 5769BD292C94552500EE03CC /* Build configuration list for PBXProject "UnsplashTestApp" */;
			compatibilityVersion = "Xcode 14.0";
			developmentRegion = en;
			hasScannedForEncodings = 0;
			knownRegions = (
				en,
				Base,
			);
			mainGroup = 5769BD252C94552500EE03CC;
			productRefGroup = 5769BD2F2C94552500EE03CC /* Products */;
			projectDirPath = "";
			projectRoot = "";
			targets = (
				5769BD2D2C94552500EE03CC /* UnsplashTestApp */,
			);
		};
/* End PBXProject section */

/* Begin PBXResourcesBuildPhase section */
		5769BD2C2C94552500EE03CC /* Resources */ = {
			isa = PBXResourcesBuildPhase;
			buildActionMask = 2147483647;
			files = (
				5769BD3B2C94552600EE03CC /* Assets.xcassets in Resources */,
				5769BD3E2C94552600EE03CC /* Base in Resources */,
			);
			runOnlyForDeploymentPostprocessing = 0;
		};
/* End PBXResourcesBuildPhase section */

/* Begin PBXShellScriptBuildPhase section */
		AFBA2BF720522256079B7856 /* [CP] Check Pods Manifest.lock */ = {
			isa = PBXShellScriptBuildPhase;
			buildActionMask = 2147483647;
			files = (
			);
			inputFileListPaths = (
			);
			inputPaths = (
				"${PODS_PODFILE_DIR_PATH}/Podfile.lock",
				"${PODS_ROOT}/Manifest.lock",
			);
			name = "[CP] Check Pods Manifest.lock";
			outputFileListPaths = (
			);
			outputPaths = (
				"$(DERIVED_FILE_DIR)/Pods-UnsplashTestApp-checkManifestLockResult.txt",
			);
			runOnlyForDeploymentPostprocessing = 0;
			shellPath = /bin/sh;
			shellScript = "diff \"${PODS_PODFILE_DIR_PATH}/Podfile.lock\" \"${PODS_ROOT}/Manifest.lock\" > /dev/null\nif [ $? != 0 ] ; then\n    # print error to STDERR\n    echo \"error: The sandbox is not in sync with the Podfile.lock. Run 'pod install' or update your CocoaPods installation.\" >&2\n    exit 1\nfi\n# This output is used by Xcode 'outputs' to avoid re-running this script phase.\necho \"SUCCESS\" > \"${SCRIPT_OUTPUT_FILE_0}\"\n";
			showEnvVarsInLog = 0;
		};
/* End PBXShellScriptBuildPhase section */

/* Begin PBXSourcesBuildPhase section */
		5769BD2A2C94552500EE03CC /* Sources */ = {
			isa = PBXSourcesBuildPhase;
			buildActionMask = 2147483647;
			files = (
				5769BD362C94552500EE03CC /* TabController.swift in Sources */,
				5769BD612C96F09300EE03CC /* FavoriteImageTableViewCell.swift in Sources */,
				5769BD322C94552500EE03CC /* AppDelegate.swift in Sources */,
				5769BD5B2C96E6B100EE03CC /* SearchResult.swift in Sources */,
				5769BD562C96D05B00EE03CC /* NetworkService.swift in Sources */,
				5769BD5D2C96ED8B00EE03CC /* PhotoDetailsViewController.swift in Sources */,
				5769BD592C96E66800EE03CC /* Photo.swift in Sources */,
				5769BD342C94552500EE03CC /* SceneDelegate.swift in Sources */,
				5769BD5F2C96EE2500EE03CC /* FavoritesManager.swift in Sources */,
				5769BD542C946D1100EE03CC /* ImageCollectionViewCell.swift in Sources */,
				5769BD4A2C945E8800EE03CC /* FavoriteImagesViewController.swift in Sources */,
				5769BD482C945E6F00EE03CC /* RandomPhotosViewController.swift in Sources */,
			);
			runOnlyForDeploymentPostprocessing = 0;
		};
/* End PBXSourcesBuildPhase section */

/* Begin PBXVariantGroup section */
		5769BD3C2C94552600EE03CC /* LaunchScreen.storyboard */ = {
			isa = PBXVariantGroup;
			children = (
				5769BD3D2C94552600EE03CC /* Base */,
			);
			name = LaunchScreen.storyboard;
			sourceTree = "<group>";
		};
/* End PBXVariantGroup section */

/* Begin XCBuildConfiguration section */
		5769BD402C94552600EE03CC /* Debug */ = {
			isa = XCBuildConfiguration;
			buildSettings = {
				ALWAYS_SEARCH_USER_PATHS = NO;
				ASSETCATALOG_COMPILER_GENERATE_SWIFT_ASSET_SYMBOL_EXTENSIONS = YES;
				CLANG_ANALYZER_NONNULL = YES;
				CLANG_ANALYZER_NUMBER_OBJECT_CONVERSION = YES_AGGRESSIVE;
				CLANG_CXX_LANGUAGE_STANDARD = "gnu++20";
				CLANG_ENABLE_MODULES = YES;
				CLANG_ENABLE_OBJC_ARC = YES;
				CLANG_ENABLE_OBJC_WEAK = YES;
				CLANG_WARN_BLOCK_CAPTURE_AUTORELEASING = YES;
				CLANG_WARN_BOOL_CONVERSION = YES;
				CLANG_WARN_COMMA = YES;
				CLANG_WARN_CONSTANT_CONVERSION = YES;
				CLANG_WARN_DEPRECATED_OBJC_IMPLEMENTATIONS = YES;
				CLANG_WARN_DIRECT_OBJC_ISA_USAGE = YES_ERROR;
				CLANG_WARN_DOCUMENTATION_COMMENTS = YES;
				CLANG_WARN_EMPTY_BODY = YES;
				CLANG_WARN_ENUM_CONVERSION = YES;
				CLANG_WARN_INFINITE_RECURSION = YES;
				CLANG_WARN_INT_CONVERSION = YES;
				CLANG_WARN_NON_LITERAL_NULL_CONVERSION = YES;
				CLANG_WARN_OBJC_IMPLICIT_RETAIN_SELF = YES;
				CLANG_WARN_OBJC_LITERAL_CONVERSION = YES;
				CLANG_WARN_OBJC_ROOT_CLASS = YES_ERROR;
				CLANG_WARN_QUOTED_INCLUDE_IN_FRAMEWORK_HEADER = YES;
				CLANG_WARN_RANGE_LOOP_ANALYSIS = YES;
				CLANG_WARN_STRICT_PROTOTYPES = YES;
				CLANG_WARN_SUSPICIOUS_MOVE = YES;
				CLANG_WARN_UNGUARDED_AVAILABILITY = YES_AGGRESSIVE;
				CLANG_WARN_UNREACHABLE_CODE = YES;
				CLANG_WARN__DUPLICATE_METHOD_MATCH = YES;
				COPY_PHASE_STRIP = NO;
				DEBUG_INFORMATION_FORMAT = dwarf;
				ENABLE_STRICT_OBJC_MSGSEND = YES;
				ENABLE_TESTABILITY = YES;
				ENABLE_USER_SCRIPT_SANDBOXING = YES;
				GCC_C_LANGUAGE_STANDARD = gnu17;
				GCC_DYNAMIC_NO_PIC = NO;
				GCC_NO_COMMON_BLOCKS = YES;
				GCC_OPTIMIZATION_LEVEL = 0;
				GCC_PREPROCESSOR_DEFINITIONS = (
					"DEBUG=1",
					"$(inherited)",
				);
				GCC_WARN_64_TO_32_BIT_CONVERSION = YES;
				GCC_WARN_ABOUT_RETURN_TYPE = YES_ERROR;
				GCC_WARN_UNDECLARED_SELECTOR = YES;
				GCC_WARN_UNINITIALIZED_AUTOS = YES_AGGRESSIVE;
				GCC_WARN_UNUSED_FUNCTION = YES;
				GCC_WARN_UNUSED_VARIABLE = YES;
				IPHONEOS_DEPLOYMENT_TARGET = 17.5;
				LOCALIZATION_PREFERS_STRING_CATALOGS = YES;
				MTL_ENABLE_DEBUG_INFO = INCLUDE_SOURCE;
				MTL_FAST_MATH = YES;
				ONLY_ACTIVE_ARCH = YES;
				SDKROOT = iphoneos;
				SWIFT_ACTIVE_COMPILATION_CONDITIONS = "DEBUG $(inherited)";
				SWIFT_OPTIMIZATION_LEVEL = "-Onone";
			};
			name = Debug;
		};
		5769BD412C94552600EE03CC /* Release */ = {
			isa = XCBuildConfiguration;
			buildSettings = {
				ALWAYS_SEARCH_USER_PATHS = NO;
				ASSETCATALOG_COMPILER_GENERATE_SWIFT_ASSET_SYMBOL_EXTENSIONS = YES;
				CLANG_ANALYZER_NONNULL = YES;
				CLANG_ANALYZER_NUMBER_OBJECT_CONVERSION = YES_AGGRESSIVE;
				CLANG_CXX_LANGUAGE_STANDARD = "gnu++20";
				CLANG_ENABLE_MODULES = YES;
				CLANG_ENABLE_OBJC_ARC = YES;
				CLANG_ENABLE_OBJC_WEAK = YES;
				CLANG_WARN_BLOCK_CAPTURE_AUTORELEASING = YES;
				CLANG_WARN_BOOL_CONVERSION = YES;
				CLANG_WARN_COMMA = YES;
				CLANG_WARN_CONSTANT_CONVERSION = YES;
				CLANG_WARN_DEPRECATED_OBJC_IMPLEMENTATIONS = YES;
				CLANG_WARN_DIRECT_OBJC_ISA_USAGE = YES_ERROR;
				CLANG_WARN_DOCUMENTATION_COMMENTS = YES;
				CLANG_WARN_EMPTY_BODY = YES;
				CLANG_WARN_ENUM_CONVERSION = YES;
				CLANG_WARN_INFINITE_RECURSION = YES;
				CLANG_WARN_INT_CONVERSION = YES;
				CLANG_WARN_NON_LITERAL_NULL_CONVERSION = YES;
				CLANG_WARN_OBJC_IMPLICIT_RETAIN_SELF = YES;
				CLANG_WARN_OBJC_LITERAL_CONVERSION = YES;
				CLANG_WARN_OBJC_ROOT_CLASS = YES_ERROR;
				CLANG_WARN_QUOTED_INCLUDE_IN_FRAMEWORK_HEADER = YES;
				CLANG_WARN_RANGE_LOOP_ANALYSIS = YES;
				CLANG_WARN_STRICT_PROTOTYPES = YES;
				CLANG_WARN_SUSPICIOUS_MOVE = YES;
				CLANG_WARN_UNGUARDED_AVAILABILITY = YES_AGGRESSIVE;
				CLANG_WARN_UNREACHABLE_CODE = YES;
				CLANG_WARN__DUPLICATE_METHOD_MATCH = YES;
				COPY_PHASE_STRIP = NO;
				DEBUG_INFORMATION_FORMAT = "dwarf-with-dsym";
				ENABLE_NS_ASSERTIONS = NO;
				ENABLE_STRICT_OBJC_MSGSEND = YES;
				ENABLE_USER_SCRIPT_SANDBOXING = YES;
				GCC_C_LANGUAGE_STANDARD = gnu17;
				GCC_NO_COMMON_BLOCKS = YES;
				GCC_WARN_64_TO_32_BIT_CONVERSION = YES;
				GCC_WARN_ABOUT_RETURN_TYPE = YES_ERROR;
				GCC_WARN_UNDECLARED_SELECTOR = YES;
				GCC_WARN_UNINITIALIZED_AUTOS = YES_AGGRESSIVE;
				GCC_WARN_UNUSED_FUNCTION = YES;
				GCC_WARN_UNUSED_VARIABLE = YES;
				IPHONEOS_DEPLOYMENT_TARGET = 17.5;
				LOCALIZATION_PREFERS_STRING_CATALOGS = YES;
				MTL_ENABLE_DEBUG_INFO = NO;
				MTL_FAST_MATH = YES;
				SDKROOT = iphoneos;
				SWIFT_COMPILATION_MODE = wholemodule;
				VALIDATE_PRODUCT = YES;
			};
			name = Release;
		};
		5769BD432C94552600EE03CC /* Debug */ = {
			isa = XCBuildConfiguration;
			baseConfigurationReference = F89B7F103D633395F2F4C4F2 /* Pods-UnsplashTestApp.debug.xcconfig */;
			buildSettings = {
				ASSETCATALOG_COMPILER_APPICON_NAME = AppIcon;
				ASSETCATALOG_COMPILER_GLOBAL_ACCENT_COLOR_NAME = AccentColor;
				CODE_SIGN_STYLE = Automatic;
				CURRENT_PROJECT_VERSION = 1;
				ENABLE_USER_SCRIPT_SANDBOXING = NO;
				GENERATE_INFOPLIST_FILE = YES;
				INFOPLIST_FILE = UnsplashTestApp/App/Info.plist;
				INFOPLIST_KEY_UIApplicationSupportsIndirectInputEvents = YES;
				INFOPLIST_KEY_UILaunchStoryboardName = LaunchScreen;
				INFOPLIST_KEY_UISupportedInterfaceOrientations_iPad = "UIInterfaceOrientationPortrait UIInterfaceOrientationPortraitUpsideDown UIInterfaceOrientationLandscapeLeft UIInterfaceOrientationLandscapeRight";
				INFOPLIST_KEY_UISupportedInterfaceOrientations_iPhone = "UIInterfaceOrientationPortrait UIInterfaceOrientationLandscapeLeft UIInterfaceOrientationLandscapeRight";
				LD_RUNPATH_SEARCH_PATHS = (
					"$(inherited)",
					"@executable_path/Frameworks",
				);
				MARKETING_VERSION = 1.0;
				PRODUCT_BUNDLE_IDENTIFIER = "-.UnsplashTestApp";
				PRODUCT_NAME = "$(TARGET_NAME)";
				SWIFT_EMIT_LOC_STRINGS = YES;
				SWIFT_VERSION = 5.0;
				TARGETED_DEVICE_FAMILY = "1,2";
			};
			name = Debug;
		};
		5769BD442C94552600EE03CC /* Release */ = {
			isa = XCBuildConfiguration;
			baseConfigurationReference = 6CB8F5DF04E4A8C102A754C9 /* Pods-UnsplashTestApp.release.xcconfig */;
			buildSettings = {
				ASSETCATALOG_COMPILER_APPICON_NAME = AppIcon;
				ASSETCATALOG_COMPILER_GLOBAL_ACCENT_COLOR_NAME = AccentColor;
				CODE_SIGN_STYLE = Automatic;
				CURRENT_PROJECT_VERSION = 1;
				ENABLE_USER_SCRIPT_SANDBOXING = NO;
				GENERATE_INFOPLIST_FILE = YES;
				INFOPLIST_FILE = UnsplashTestApp/App/Info.plist;
				INFOPLIST_KEY_UIApplicationSupportsIndirectInputEvents = YES;
				INFOPLIST_KEY_UILaunchStoryboardName = LaunchScreen;
				INFOPLIST_KEY_UISupportedInterfaceOrientations_iPad = "UIInterfaceOrientationPortrait UIInterfaceOrientationPortraitUpsideDown UIInterfaceOrientationLandscapeLeft UIInterfaceOrientationLandscapeRight";
				INFOPLIST_KEY_UISupportedInterfaceOrientations_iPhone = "UIInterfaceOrientationPortrait UIInterfaceOrientationLandscapeLeft UIInterfaceOrientationLandscapeRight";
				LD_RUNPATH_SEARCH_PATHS = (
					"$(inherited)",
					"@executable_path/Frameworks",
				);
				MARKETING_VERSION = 1.0;
				PRODUCT_BUNDLE_IDENTIFIER = "-.UnsplashTestApp";
				PRODUCT_NAME = "$(TARGET_NAME)";
				SWIFT_EMIT_LOC_STRINGS = YES;
				SWIFT_VERSION = 5.0;
				TARGETED_DEVICE_FAMILY = "1,2";
			};
			name = Release;
		};
/* End XCBuildConfiguration section */

/* Begin XCConfigurationList section */
		5769BD292C94552500EE03CC /* Build configuration list for PBXProject "UnsplashTestApp" */ = {
			isa = XCConfigurationList;
			buildConfigurations = (
				5769BD402C94552600EE03CC /* Debug */,
				5769BD412C94552600EE03CC /* Release */,
			);
			defaultConfigurationIsVisible = 0;
			defaultConfigurationName = Release;
		};
		5769BD422C94552600EE03CC /* Build configuration list for PBXNativeTarget "UnsplashTestApp" */ = {
			isa = XCConfigurationList;
			buildConfigurations = (
				5769BD432C94552600EE03CC /* Debug */,
				5769BD442C94552600EE03CC /* Release */,
			);
			defaultConfigurationIsVisible = 0;
			defaultConfigurationName = Release;
		};
/* End XCConfigurationList section */
	};
	rootObject = 5769BD262C94552500EE03CC /* Project object */;
}
